// !$*UTF8*$!
{
	archiveVersion = 1;
	classes = {
	};
	objectVersion = 56;
	objects = {

/* Begin PBXBuildFile section */
		9C269AD42BE78C83006860A6 /* TickTokCloneApp.swift in Sources */ = {isa = PBXBuildFile; fileRef = 9C269AD32BE78C83006860A6 /* TickTokCloneApp.swift */; };
		9C269AD62BE78C83006860A6 /* ContentView.swift in Sources */ = {isa = PBXBuildFile; fileRef = 9C269AD52BE78C83006860A6 /* ContentView.swift */; };
		9C269AD82BE78C85006860A6 /* Assets.xcassets in Resources */ = {isa = PBXBuildFile; fileRef = 9C269AD72BE78C85006860A6 /* Assets.xcassets */; };
		9C269ADB2BE78C85006860A6 /* Preview Assets.xcassets in Resources */ = {isa = PBXBuildFile; fileRef = 9C269ADA2BE78C85006860A6 /* Preview Assets.xcassets */; };
		9C269AE52BE78C85006860A6 /* TickTokCloneTests.swift in Sources */ = {isa = PBXBuildFile; fileRef = 9C269AE42BE78C85006860A6 /* TickTokCloneTests.swift */; };
		9C269AEF2BE78C85006860A6 /* TickTokCloneUITests.swift in Sources */ = {isa = PBXBuildFile; fileRef = 9C269AEE2BE78C85006860A6 /* TickTokCloneUITests.swift */; };
		9C269AF12BE78C85006860A6 /* TickTokCloneUITestsLaunchTests.swift in Sources */ = {isa = PBXBuildFile; fileRef = 9C269AF02BE78C85006860A6 /* TickTokCloneUITestsLaunchTests.swift */; };
		9C269B022BE78D52006860A6 /* MainTabBar.swift in Sources */ = {isa = PBXBuildFile; fileRef = 9C269B012BE78D52006860A6 /* MainTabBar.swift */; };
		9C4A81262C146CC5005271C7 /* FeedView.swift in Sources */ = {isa = PBXBuildFile; fileRef = 9C4A81252C146CC5005271C7 /* FeedView.swift */; };
/* End PBXBuildFile section */

/* Begin PBXContainerItemProxy section */
		9C269AE12BE78C85006860A6 /* PBXContainerItemProxy */ = {
			isa = PBXContainerItemProxy;
			containerPortal = 9C269AC82BE78C83006860A6 /* Project object */;
			proxyType = 1;
			remoteGlobalIDString = 9C269ACF2BE78C83006860A6;
			remoteInfo = TickTokClone;
		};
		9C269AEB2BE78C85006860A6 /* PBXContainerItemProxy */ = {
			isa = PBXContainerItemProxy;
			containerPortal = 9C269AC82BE78C83006860A6 /* Project object */;
			proxyType = 1;
			remoteGlobalIDString = 9C269ACF2BE78C83006860A6;
			remoteInfo = TickTokClone;
		};
/* End PBXContainerItemProxy section */

/* Begin PBXFileReference section */
		9C269AD02BE78C83006860A6 /* TickTokClone.app */ = {isa = PBXFileReference; explicitFileType = wrapper.application; includeInIndex = 0; path = TickTokClone.app; sourceTree = BUILT_PRODUCTS_DIR; };
		9C269AD32BE78C83006860A6 /* TickTokCloneApp.swift */ = {isa = PBXFileReference; lastKnownFileType = sourcecode.swift; path = TickTokCloneApp.swift; sourceTree = "<group>"; };
		9C269AD52BE78C83006860A6 /* ContentView.swift */ = {isa = PBXFileReference; lastKnownFileType = sourcecode.swift; path = ContentView.swift; sourceTree = "<group>"; };
		9C269AD72BE78C85006860A6 /* Assets.xcassets */ = {isa = PBXFileReference; lastKnownFileType = folder.assetcatalog; path = Assets.xcassets; sourceTree = "<group>"; };
		9C269ADA2BE78C85006860A6 /* Preview Assets.xcassets */ = {isa = PBXFileReference; lastKnownFileType = folder.assetcatalog; path = "Preview Assets.xcassets"; sourceTree = "<group>"; };
		9C269AE02BE78C85006860A6 /* TickTokCloneTests.xctest */ = {isa = PBXFileReference; explicitFileType = wrapper.cfbundle; includeInIndex = 0; path = TickTokCloneTests.xctest; sourceTree = BUILT_PRODUCTS_DIR; };
		9C269AE42BE78C85006860A6 /* TickTokCloneTests.swift */ = {isa = PBXFileReference; lastKnownFileType = sourcecode.swift; path = TickTokCloneTests.swift; sourceTree = "<group>"; };
		9C269AEA2BE78C85006860A6 /* TickTokCloneUITests.xctest */ = {isa = PBXFileReference; explicitFileType = wrapper.cfbundle; includeInIndex = 0; path = TickTokCloneUITests.xctest; sourceTree = BUILT_PRODUCTS_DIR; };
		9C269AEE2BE78C85006860A6 /* TickTokCloneUITests.swift */ = {isa = PBXFileReference; lastKnownFileType = sourcecode.swift; path = TickTokCloneUITests.swift; sourceTree = "<group>"; };
		9C269AF02BE78C85006860A6 /* TickTokCloneUITestsLaunchTests.swift */ = {isa = PBXFileReference; lastKnownFileType = sourcecode.swift; path = TickTokCloneUITestsLaunchTests.swift; sourceTree = "<group>"; };
		9C269B012BE78D52006860A6 /* MainTabBar.swift */ = {isa = PBXFileReference; lastKnownFileType = sourcecode.swift; path = MainTabBar.swift; sourceTree = "<group>"; };
		9C4A81252C146CC5005271C7 /* FeedView.swift */ = {isa = PBXFileReference; lastKnownFileType = sourcecode.swift; path = FeedView.swift; sourceTree = "<group>"; };
/* End PBXFileReference section */

/* Begin PBXFrameworksBuildPhase section */
		9C269ACD2BE78C83006860A6 /* Frameworks */ = {
			isa = PBXFrameworksBuildPhase;
			buildActionMask = 2147483647;
			files = (
			);
			runOnlyForDeploymentPostprocessing = 0;
		};
		9C269ADD2BE78C85006860A6 /* Frameworks */ = {
			isa = PBXFrameworksBuildPhase;
			buildActionMask = 2147483647;
			files = (
			);
			runOnlyForDeploymentPostprocessing = 0;
		};
		9C269AE72BE78C85006860A6 /* Frameworks */ = {
			isa = PBXFrameworksBuildPhase;
			buildActionMask = 2147483647;
			files = (
			);
			runOnlyForDeploymentPostprocessing = 0;
		};
/* End PBXFrameworksBuildPhase section */

/* Begin PBXGroup section */
		9C269AC72BE78C83006860A6 = {
			isa = PBXGroup;
			children = (
				9C269AD22BE78C83006860A6 /* TickTokClone */,
				9C269AE32BE78C85006860A6 /* TickTokCloneTests */,
				9C269AED2BE78C85006860A6 /* TickTokCloneUITests */,
				9C269AD12BE78C83006860A6 /* Products */,
			);
			sourceTree = "<group>";
		};
		9C269AD12BE78C83006860A6 /* Products */ = {
			isa = PBXGroup;
			children = (
				9C269AD02BE78C83006860A6 /* TickTokClone.app */,
				9C269AE02BE78C85006860A6 /* TickTokCloneTests.xctest */,
				9C269AEA2BE78C85006860A6 /* TickTokCloneUITests.xctest */,
			);
			name = Products;
			sourceTree = "<group>";
		};
		9C269AD22BE78C83006860A6 /* TickTokClone */ = {
			isa = PBXGroup;
			children = (
				9C4A81242C146CB1005271C7 /* FeedView */,
				9C269B002BE78D28006860A6 /* Utilities */,
				9C269AFF2BE78D1A006860A6 /* ViewModel */,
				9C269AFE2BE78D14006860A6 /* View */,
				9C269AFD2BE78D0E006860A6 /* Model */,
				9C269AD72BE78C85006860A6 /* Assets.xcassets */,
				9C269AD92BE78C85006860A6 /* Preview Content */,
			);
			path = TickTokClone;
			sourceTree = "<group>";
		};
		9C269AD92BE78C85006860A6 /* Preview Content */ = {
			isa = PBXGroup;
			children = (
				9C269ADA2BE78C85006860A6 /* Preview Assets.xcassets */,
			);
			path = "Preview Content";
			sourceTree = "<group>";
		};
		9C269AE32BE78C85006860A6 /* TickTokCloneTests */ = {
			isa = PBXGroup;
			children = (
				9C269AE42BE78C85006860A6 /* TickTokCloneTests.swift */,
			);
			path = TickTokCloneTests;
			sourceTree = "<group>";
		};
		9C269AED2BE78C85006860A6 /* TickTokCloneUITests */ = {
			isa = PBXGroup;
			children = (
				9C269AEE2BE78C85006860A6 /* TickTokCloneUITests.swift */,
				9C269AF02BE78C85006860A6 /* TickTokCloneUITestsLaunchTests.swift */,
			);
			path = TickTokCloneUITests;
			sourceTree = "<group>";
		};
		9C269AFD2BE78D0E006860A6 /* Model */ = {
			isa = PBXGroup;
			children = (
			);
			path = Model;
			sourceTree = "<group>";
		};
		9C269AFE2BE78D14006860A6 /* View */ = {
			isa = PBXGroup;
			children = (
				9C269AD52BE78C83006860A6 /* ContentView.swift */,
				9C269B012BE78D52006860A6 /* MainTabBar.swift */,
			);
			path = View;
			sourceTree = "<group>";
		};
		9C269AFF2BE78D1A006860A6 /* ViewModel */ = {
			isa = PBXGroup;
			children = (
			);
			path = ViewModel;
			sourceTree = "<group>";
		};
		9C269B002BE78D28006860A6 /* Utilities */ = {
			isa = PBXGroup;
			children = (
				9C269AD32BE78C83006860A6 /* TickTokCloneApp.swift */,
			);
			path = Utilities;
			sourceTree = "<group>";
		};
		9C4A81242C146CB1005271C7 /* FeedView */ = {
			isa = PBXGroup;
			children = (
				9C4A81252C146CC5005271C7 /* FeedView.swift */,
			);
			path = FeedView;
			sourceTree = "<group>";
		};
/* End PBXGroup section */

/* Begin PBXNativeTarget section */
		9C269ACF2BE78C83006860A6 /* TickTokClone */ = {
			isa = PBXNativeTarget;
			buildConfigurationList = 9C269AF42BE78C85006860A6 /* Build configuration list for PBXNativeTarget "TickTokClone" */;
			buildPhases = (
				9C269ACC2BE78C83006860A6 /* Sources */,
				9C269ACD2BE78C83006860A6 /* Frameworks */,
				9C269ACE2BE78C83006860A6 /* Resources */,
			);
			buildRules = (
			);
			dependencies = (
			);
			name = TickTokClone;
			productName = TickTokClone;
			productReference = 9C269AD02BE78C83006860A6 /* TickTokClone.app */;
			productType = "com.apple.product-type.application";
		};
		9C269ADF2BE78C85006860A6 /* TickTokCloneTests */ = {
			isa = PBXNativeTarget;
			buildConfigurationList = 9C269AF72BE78C85006860A6 /* Build configuration list for PBXNativeTarget "TickTokCloneTests" */;
			buildPhases = (
				9C269ADC2BE78C85006860A6 /* Sources */,
				9C269ADD2BE78C85006860A6 /* Frameworks */,
				9C269ADE2BE78C85006860A6 /* Resources */,
			);
			buildRules = (
			);
			dependencies = (
				9C269AE22BE78C85006860A6 /* PBXTargetDependency */,
			);
			name = TickTokCloneTests;
			productName = TickTokCloneTests;
			productReference = 9C269AE02BE78C85006860A6 /* TickTokCloneTests.xctest */;
			productType = "com.apple.product-type.bundle.unit-test";
		};
		9C269AE92BE78C85006860A6 /* TickTokCloneUITests */ = {
			isa = PBXNativeTarget;
			buildConfigurationList = 9C269AFA2BE78C85006860A6 /* Build configuration list for PBXNativeTarget "TickTokCloneUITests" */;
			buildPhases = (
				9C269AE62BE78C85006860A6 /* Sources */,
				9C269AE72BE78C85006860A6 /* Frameworks */,
				9C269AE82BE78C85006860A6 /* Resources */,
			);
			buildRules = (
			);
			dependencies = (
				9C269AEC2BE78C85006860A6 /* PBXTargetDependency */,
			);
			name = TickTokCloneUITests;
			productName = TickTokCloneUITests;
			productReference = 9C269AEA2BE78C85006860A6 /* TickTokCloneUITests.xctest */;
			productType = "com.apple.product-type.bundle.ui-testing";
		};
/* End PBXNativeTarget section */

/* Begin PBXProject section */
		9C269AC82BE78C83006860A6 /* Project object */ = {
			isa = PBXProject;
			attributes = {
				BuildIndependentTargetsInParallel = 1;
				LastSwiftUpdateCheck = 1520;
				LastUpgradeCheck = 1520;
				TargetAttributes = {
					9C269ACF2BE78C83006860A6 = {
						CreatedOnToolsVersion = 15.2;
					};
					9C269ADF2BE78C85006860A6 = {
						CreatedOnToolsVersion = 15.2;
						TestTargetID = 9C269ACF2BE78C83006860A6;
					};
					9C269AE92BE78C85006860A6 = {
						CreatedOnToolsVersion = 15.2;
						TestTargetID = 9C269ACF2BE78C83006860A6;
					};
				};
			};
			buildConfigurationList = 9C269ACB2BE78C83006860A6 /* Build configuration list for PBXProject "TickTokClone" */;
			compatibilityVersion = "Xcode 14.0";
			developmentRegion = en;
			hasScannedForEncodings = 0;
			knownRegions = (
				en,
				Base,
			);
			mainGroup = 9C269AC72BE78C83006860A6;
			productRefGroup = 9C269AD12BE78C83006860A6 /* Products */;
			projectDirPath = "";
			projectRoot = "";
			targets = (
				9C269ACF2BE78C83006860A6 /* TickTokClone */,
				9C269ADF2BE78C85006860A6 /* TickTokCloneTests */,
				9C269AE92BE78C85006860A6 /* TickTokCloneUITests */,
			);
		};
/* End PBXProject section */

/* Begin PBXResourcesBuildPhase section */
		9C269ACE2BE78C83006860A6 /* Resources */ = {
			isa = PBXResourcesBuildPhase;
			buildActionMask = 2147483647;
			files = (
				9C269ADB2BE78C85006860A6 /* Preview Assets.xcassets in Resources */,
				9C269AD82BE78C85006860A6 /* Assets.xcassets in Resources */,
			);
			runOnlyForDeploymentPostprocessing = 0;
		};
		9C269ADE2BE78C85006860A6 /* Resources */ = {
			isa = PBXResourcesBuildPhase;
			buildActionMask = 2147483647;
			files = (
			);
			runOnlyForDeploymentPostprocessing = 0;
		};
		9C269AE82BE78C85006860A6 /* Resources */ = {
			isa = PBXResourcesBuildPhase;
			buildActionMask = 2147483647;
			files = (
			);
			runOnlyForDeploymentPostprocessing = 0;
		};
/* End PBXResourcesBuildPhase section */

/* Begin PBXSourcesBuildPhase section */
		9C269ACC2BE78C83006860A6 /* Sources */ = {
			isa = PBXSourcesBuildPhase;
			buildActionMask = 2147483647;
			files = (
				9C4A81262C146CC5005271C7 /* FeedView.swift in Sources */,
				9C269B022BE78D52006860A6 /* MainTabBar.swift in Sources */,
				9C269AD62BE78C83006860A6 /* ContentView.swift in Sources */,
				9C269AD42BE78C83006860A6 /* TickTokCloneApp.swift in Sources */,
			);
			runOnlyForDeploymentPostprocessing = 0;
		};
		9C269ADC2BE78C85006860A6 /* Sources */ = {
			isa = PBXSourcesBuildPhase;
			buildActionMask = 2147483647;
			files = (
				9C269AE52BE78C85006860A6 /* TickTokCloneTests.swift in Sources */,
			);
			runOnlyForDeploymentPostprocessing = 0;
		};
		9C269AE62BE78C85006860A6 /* Sources */ = {
			isa = PBXSourcesBuildPhase;
			buildActionMask = 2147483647;
			files = (
				9C269AF12BE78C85006860A6 /* TickTokCloneUITestsLaunchTests.swift in Sources */,
				9C269AEF2BE78C85006860A6 /* TickTokCloneUITests.swift in Sources */,
			);
			runOnlyForDeploymentPostprocessing = 0;
		};
/* End PBXSourcesBuildPhase section */

/* Begin PBXTargetDependency section */
		9C269AE22BE78C85006860A6 /* PBXTargetDependency */ = {
			isa = PBXTargetDependency;
			target = 9C269ACF2BE78C83006860A6 /* TickTokClone */;
			targetProxy = 9C269AE12BE78C85006860A6 /* PBXContainerItemProxy */;
		};
		9C269AEC2BE78C85006860A6 /* PBXTargetDependency */ = {
			isa = PBXTargetDependency;
			target = 9C269ACF2BE78C83006860A6 /* TickTokClone */;
			targetProxy = 9C269AEB2BE78C85006860A6 /* PBXContainerItemProxy */;
		};
/* End PBXTargetDependency section */

/* Begin XCBuildConfiguration section */
		9C269AF22BE78C85006860A6 /* Debug */ = {
			isa = XCBuildConfiguration;
			buildSettings = {
				ALWAYS_SEARCH_USER_PATHS = NO;
				ASSETCATALOG_COMPILER_GENERATE_SWIFT_ASSET_SYMBOL_EXTENSIONS = YES;
				CLANG_ANALYZER_NONNULL = YES;
				CLANG_ANALYZER_NUMBER_OBJECT_CONVERSION = YES_AGGRESSIVE;
				CLANG_CXX_LANGUAGE_STANDARD = "gnu++20";
				CLANG_ENABLE_MODULES = YES;
				CLANG_ENABLE_OBJC_ARC = YES;
				CLANG_ENABLE_OBJC_WEAK = YES;
				CLANG_WARN_BLOCK_CAPTURE_AUTORELEASING = YES;
				CLANG_WARN_BOOL_CONVERSION = YES;
				CLANG_WARN_COMMA = YES;
				CLANG_WARN_CONSTANT_CONVERSION = YES;
				CLANG_WARN_DEPRECATED_OBJC_IMPLEMENTATIONS = YES;
				CLANG_WARN_DIRECT_OBJC_ISA_USAGE = YES_ERROR;
				CLANG_WARN_DOCUMENTATION_COMMENTS = YES;
				CLANG_WARN_EMPTY_BODY = YES;
				CLANG_WARN_ENUM_CONVERSION = YES;
				CLANG_WARN_INFINITE_RECURSION = YES;
				CLANG_WARN_INT_CONVERSION = YES;
				CLANG_WARN_NON_LITERAL_NULL_CONVERSION = YES;
				CLANG_WARN_OBJC_IMPLICIT_RETAIN_SELF = YES;
				CLANG_WARN_OBJC_LITERAL_CONVERSION = YES;
				CLANG_WARN_OBJC_ROOT_CLASS = YES_ERROR;
				CLANG_WARN_QUOTED_INCLUDE_IN_FRAMEWORK_HEADER = YES;
				CLANG_WARN_RANGE_LOOP_ANALYSIS = YES;
				CLANG_WARN_STRICT_PROTOTYPES = YES;
				CLANG_WARN_SUSPICIOUS_MOVE = YES;
				CLANG_WARN_UNGUARDED_AVAILABILITY = YES_AGGRESSIVE;
				CLANG_WARN_UNREACHABLE_CODE = YES;
				CLANG_WARN__DUPLICATE_METHOD_MATCH = YES;
				COPY_PHASE_STRIP = NO;
				DEBUG_INFORMATION_FORMAT = dwarf;
				ENABLE_STRICT_OBJC_MSGSEND = YES;
				ENABLE_TESTABILITY = YES;
				ENABLE_USER_SCRIPT_SANDBOXING = YES;
				GCC_C_LANGUAGE_STANDARD = gnu17;
				GCC_DYNAMIC_NO_PIC = NO;
				GCC_NO_COMMON_BLOCKS = YES;
				GCC_OPTIMIZATION_LEVEL = 0;
				GCC_PREPROCESSOR_DEFINITIONS = (
					"DEBUG=1",
					"$(inherited)",
				);
				GCC_WARN_64_TO_32_BIT_CONVERSION = YES;
				GCC_WARN_ABOUT_RETURN_TYPE = YES_ERROR;
				GCC_WARN_UNDECLARED_SELECTOR = YES;
				GCC_WARN_UNINITIALIZED_AUTOS = YES_AGGRESSIVE;
				GCC_WARN_UNUSED_FUNCTION = YES;
				GCC_WARN_UNUSED_VARIABLE = YES;
				IPHONEOS_DEPLOYMENT_TARGET = 17.2;
				LOCALIZATION_PREFERS_STRING_CATALOGS = YES;
				MTL_ENABLE_DEBUG_INFO = INCLUDE_SOURCE;
				MTL_FAST_MATH = YES;
				ONLY_ACTIVE_ARCH = YES;
				SDKROOT = iphoneos;
				SWIFT_ACTIVE_COMPILATION_CONDITIONS = "DEBUG $(inherited)";
				SWIFT_OPTIMIZATION_LEVEL = "-Onone";
			};
			name = Debug;
		};
		9C269AF32BE78C85006860A6 /* Release */ = {
			isa = XCBuildConfiguration;
			buildSettings = {
				ALWAYS_SEARCH_USER_PATHS = NO;
				ASSETCATALOG_COMPILER_GENERATE_SWIFT_ASSET_SYMBOL_EXTENSIONS = YES;
				CLANG_ANALYZER_NONNULL = YES;
				CLANG_ANALYZER_NUMBER_OBJECT_CONVERSION = YES_AGGRESSIVE;
				CLANG_CXX_LANGUAGE_STANDARD = "gnu++20";
				CLANG_ENABLE_MODULES = YES;
				CLANG_ENABLE_OBJC_ARC = YES;
				CLANG_ENABLE_OBJC_WEAK = YES;
				CLANG_WARN_BLOCK_CAPTURE_AUTORELEASING = YES;
				CLANG_WARN_BOOL_CONVERSION = YES;
				CLANG_WARN_COMMA = YES;
				CLANG_WARN_CONSTANT_CONVERSION = YES;
				CLANG_WARN_DEPRECATED_OBJC_IMPLEMENTATIONS = YES;
				CLANG_WARN_DIRECT_OBJC_ISA_USAGE = YES_ERROR;
				CLANG_WARN_DOCUMENTATION_COMMENTS = YES;
				CLANG_WARN_EMPTY_BODY = YES;
				CLANG_WARN_ENUM_CONVERSION = YES;
				CLANG_WARN_INFINITE_RECURSION = YES;
				CLANG_WARN_INT_CONVERSION = YES;
				CLANG_WARN_NON_LITERAL_NULL_CONVERSION = YES;
				CLANG_WARN_OBJC_IMPLICIT_RETAIN_SELF = YES;
				CLANG_WARN_OBJC_LITERAL_CONVERSION = YES;
				CLANG_WARN_OBJC_ROOT_CLASS = YES_ERROR;
				CLANG_WARN_QUOTED_INCLUDE_IN_FRAMEWORK_HEADER = YES;
				CLANG_WARN_RANGE_LOOP_ANALYSIS = YES;
				CLANG_WARN_STRICT_PROTOTYPES = YES;
				CLANG_WARN_SUSPICIOUS_MOVE = YES;
				CLANG_WARN_UNGUARDED_AVAILABILITY = YES_AGGRESSIVE;
				CLANG_WARN_UNREACHABLE_CODE = YES;
				CLANG_WARN__DUPLICATE_METHOD_MATCH = YES;
				COPY_PHASE_STRIP = NO;
				DEBUG_INFORMATION_FORMAT = "dwarf-with-dsym";
				ENABLE_NS_ASSERTIONS = NO;
				ENABLE_STRICT_OBJC_MSGSEND = YES;
				ENABLE_USER_SCRIPT_SANDBOXING = YES;
				GCC_C_LANGUAGE_STANDARD = gnu17;
				GCC_NO_COMMON_BLOCKS = YES;
				GCC_WARN_64_TO_32_BIT_CONVERSION = YES;
				GCC_WARN_ABOUT_RETURN_TYPE = YES_ERROR;
				GCC_WARN_UNDECLARED_SELECTOR = YES;
				GCC_WARN_UNINITIALIZED_AUTOS = YES_AGGRESSIVE;
				GCC_WARN_UNUSED_FUNCTION = YES;
				GCC_WARN_UNUSED_VARIABLE = YES;
				IPHONEOS_DEPLOYMENT_TARGET = 17.2;
				LOCALIZATION_PREFERS_STRING_CATALOGS = YES;
				MTL_ENABLE_DEBUG_INFO = NO;
				MTL_FAST_MATH = YES;
				SDKROOT = iphoneos;
				SWIFT_COMPILATION_MODE = wholemodule;
				VALIDATE_PRODUCT = YES;
			};
			name = Release;
		};
		9C269AF52BE78C85006860A6 /* Debug */ = {
			isa = XCBuildConfiguration;
			buildSettings = {
				ASSETCATALOG_COMPILER_APPICON_NAME = AppIcon;
				ASSETCATALOG_COMPILER_GLOBAL_ACCENT_COLOR_NAME = AccentColor;
				CODE_SIGN_STYLE = Automatic;
				CURRENT_PROJECT_VERSION = 1;
				DEVELOPMENT_ASSET_PATHS = "\"TickTokClone/Preview Content\"";
				DEVELOPMENT_TEAM = P4C96D92PU;
				ENABLE_PREVIEWS = YES;
				GENERATE_INFOPLIST_FILE = YES;
				INFOPLIST_KEY_UIApplicationSceneManifest_Generation = YES;
				INFOPLIST_KEY_UIApplicationSupportsIndirectInputEvents = YES;
				INFOPLIST_KEY_UILaunchScreen_Generation = YES;
				INFOPLIST_KEY_UISupportedInterfaceOrientations_iPad = "UIInterfaceOrientationPortrait UIInterfaceOrientationPortraitUpsideDown UIInterfaceOrientationLandscapeLeft UIInterfaceOrientationLandscapeRight";
				INFOPLIST_KEY_UISupportedInterfaceOrientations_iPhone = "UIInterfaceOrientationPortrait UIInterfaceOrientationLandscapeLeft UIInterfaceOrientationLandscapeRight";
				LD_RUNPATH_SEARCH_PATHS = (
					"$(inherited)",
					"@executable_path/Frameworks",
				);
				MARKETING_VERSION = 1.0;
				PRODUCT_BUNDLE_IDENTIFIER = niveriya.lov.TickTokClone;
				PRODUCT_NAME = "$(TARGET_NAME)";
				SWIFT_EMIT_LOC_STRINGS = YES;
				SWIFT_VERSION = 5.0;
				TARGETED_DEVICE_FAMILY = "1,2";
			};
			name = Debug;
		};
		9C269AF62BE78C85006860A6 /* Release */ = {
			isa = XCBuildConfiguration;
			buildSettings = {
				ASSETCATALOG_COMPILER_APPICON_NAME = AppIcon;
				ASSETCATALOG_COMPILER_GLOBAL_ACCENT_COLOR_NAME = AccentColor;
				CODE_SIGN_STYLE = Automatic;
				CURRENT_PROJECT_VERSION = 1;
				DEVELOPMENT_ASSET_PATHS = "\"TickTokClone/Preview Content\"";
				DEVELOPMENT_TEAM = P4C96D92PU;
				ENABLE_PREVIEWS = YES;
				GENERATE_INFOPLIST_FILE = YES;
				INFOPLIST_KEY_UIApplicationSceneManifest_Generation = YES;
				INFOPLIST_KEY_UIApplicationSupportsIndirectInputEvents = YES;
				INFOPLIST_KEY_UILaunchScreen_Generation = YES;
				INFOPLIST_KEY_UISupportedInterfaceOrientations_iPad = "UIInterfaceOrientationPortrait UIInterfaceOrientationPortraitUpsideDown UIInterfaceOrientationLandscapeLeft UIInterfaceOrientationLandscapeRight";
				INFOPLIST_KEY_UISupportedInterfaceOrientations_iPhone = "UIInterfaceOrientationPortrait UIInterfaceOrientationLandscapeLeft UIInterfaceOrientationLandscapeRight";
				LD_RUNPATH_SEARCH_PATHS = (
					"$(inherited)",
					"@executable_path/Frameworks",
				);
				MARKETING_VERSION = 1.0;
				PRODUCT_BUNDLE_IDENTIFIER = niveriya.lov.TickTokClone;
				PRODUCT_NAME = "$(TARGET_NAME)";
				SWIFT_EMIT_LOC_STRINGS = YES;
				SWIFT_VERSION = 5.0;
				TARGETED_DEVICE_FAMILY = "1,2";
			};
			name = Release;
		};
		9C269AF82BE78C85006860A6 /* Debug */ = {
			isa = XCBuildConfiguration;
			buildSettings = {
				ALWAYS_EMBED_SWIFT_STANDARD_LIBRARIES = YES;
				BUNDLE_LOADER = "$(TEST_HOST)";
				CODE_SIGN_STYLE = Automatic;
				CURRENT_PROJECT_VERSION = 1;
				DEVELOPMENT_TEAM = P4C96D92PU;
				GENERATE_INFOPLIST_FILE = YES;
				IPHONEOS_DEPLOYMENT_TARGET = 17.2;
				MARKETING_VERSION = 1.0;
				PRODUCT_BUNDLE_IDENTIFIER = niveriya.lov.TickTokCloneTests;
				PRODUCT_NAME = "$(TARGET_NAME)";
				SWIFT_EMIT_LOC_STRINGS = NO;
				SWIFT_VERSION = 5.0;
				TARGETED_DEVICE_FAMILY = "1,2";
				TEST_HOST = "$(BUILT_PRODUCTS_DIR)/TickTokClone.app/$(BUNDLE_EXECUTABLE_FOLDER_PATH)/TickTokClone";
			};
			name = Debug;
		};
		9C269AF92BE78C85006860A6 /* Release */ = {
			isa = XCBuildConfiguration;
			buildSettings = {
				ALWAYS_EMBED_SWIFT_STANDARD_LIBRARIES = YES;
				BUNDLE_LOADER = "$(TEST_HOST)";
				CODE_SIGN_STYLE = Automatic;
				CURRENT_PROJECT_VERSION = 1;
				DEVELOPMENT_TEAM = P4C96D92PU;
				GENERATE_INFOPLIST_FILE = YES;
				IPHONEOS_DEPLOYMENT_TARGET = 17.2;
				MARKETING_VERSION = 1.0;
				PRODUCT_BUNDLE_IDENTIFIER = niveriya.lov.TickTokCloneTests;
				PRODUCT_NAME = "$(TARGET_NAME)";
				SWIFT_EMIT_LOC_STRINGS = NO;
				SWIFT_VERSION = 5.0;
				TARGETED_DEVICE_FAMILY = "1,2";
				TEST_HOST = "$(BUILT_PRODUCTS_DIR)/TickTokClone.app/$(BUNDLE_EXECUTABLE_FOLDER_PATH)/TickTokClone";
			};
			name = Release;
		};
		9C269AFB2BE78C85006860A6 /* Debug */ = {
			isa = XCBuildConfiguration;
			buildSettings = {
				ALWAYS_EMBED_SWIFT_STANDARD_LIBRARIES = YES;
				CODE_SIGN_STYLE = Automatic;
				CURRENT_PROJECT_VERSION = 1;
				DEVELOPMENT_TEAM = P4C96D92PU;
				GENERATE_INFOPLIST_FILE = YES;
				MARKETING_VERSION = 1.0;
				PRODUCT_BUNDLE_IDENTIFIER = niveriya.lov.TickTokCloneUITests;
				PRODUCT_NAME = "$(TARGET_NAME)";
				SWIFT_EMIT_LOC_STRINGS = NO;
				SWIFT_VERSION = 5.0;
				TARGETED_DEVICE_FAMILY = "1,2";
				TEST_TARGET_NAME = TickTokClone;
			};
			name = Debug;
		};
		9C269AFC2BE78C85006860A6 /* Release */ = {
			isa = XCBuildConfiguration;
			buildSettings = {
				ALWAYS_EMBED_SWIFT_STANDARD_LIBRARIES = YES;
				CODE_SIGN_STYLE = Automatic;
				CURRENT_PROJECT_VERSION = 1;
				DEVELOPMENT_TEAM = P4C96D92PU;
				GENERATE_INFOPLIST_FILE = YES;
				MARKETING_VERSION = 1.0;
				PRODUCT_BUNDLE_IDENTIFIER = niveriya.lov.TickTokCloneUITests;
				PRODUCT_NAME = "$(TARGET_NAME)";
				SWIFT_EMIT_LOC_STRINGS = NO;
				SWIFT_VERSION = 5.0;
				TARGETED_DEVICE_FAMILY = "1,2";
				TEST_TARGET_NAME = TickTokClone;
			};
			name = Release;
		};
/* End XCBuildConfiguration section */

/* Begin XCConfigurationList section */
		9C269ACB2BE78C83006860A6 /* Build configuration list for PBXProject "TickTokClone" */ = {
			isa = XCConfigurationList;
			buildConfigurations = (
				9C269AF22BE78C85006860A6 /* Debug */,
				9C269AF32BE78C85006860A6 /* Release */,
			);
			defaultConfigurationIsVisible = 0;
			defaultConfigurationName = Release;
		};
		9C269AF42BE78C85006860A6 /* Build configuration list for PBXNativeTarget "TickTokClone" */ = {
			isa = XCConfigurationList;
			buildConfigurations = (
				9C269AF52BE78C85006860A6 /* Debug */,
				9C269AF62BE78C85006860A6 /* Release */,
			);
			defaultConfigurationIsVisible = 0;
			defaultConfigurationName = Release;
		};
		9C269AF72BE78C85006860A6 /* Build configuration list for PBXNativeTarget "TickTokCloneTests" */ = {
			isa = XCConfigurationList;
			buildConfigurations = (
				9C269AF82BE78C85006860A6 /* Debug */,
				9C269AF92BE78C85006860A6 /* Release */,
			);
			defaultConfigurationIsVisible = 0;
			defaultConfigurationName = Release;
		};
		9C269AFA2BE78C85006860A6 /* Build configuration list for PBXNativeTarget "TickTokCloneUITests" */ = {
			isa = XCConfigurationList;
			buildConfigurations = (
				9C269AFB2BE78C85006860A6 /* Debug */,
				9C269AFC2BE78C85006860A6 /* Release */,
			);
			defaultConfigurationIsVisible = 0;
			defaultConfigurationName = Release;
		};
/* End XCConfigurationList section */
	};
	rootObject = 9C269AC82BE78C83006860A6 /* Project object */;
}
